
Microsoft Visual Studio Solution File, Format Version 12.00
# Visual Studio 14
VisualStudioVersion = 14.0.25420.1
MinimumVisualStudioVersion = 10.0.40219.1
Project("{FAE04EC0-301F-11D3-BF4B-00C04F79EFBC}") = "Program6", "Program6\Program6.csproj", "{042187EC-415A-40EA-ABCB-175EBF64DAEB}"
EndProject
Project("{FAE04EC0-301F-11D3-BF4B-00C04F79EFBC}") = "People", "People\People.csproj", "{3C48F50D-CEF6-46C6-839A-F62FEA2B3EA1}"
EndProject
Global
	GlobalSection(SolutionConfigurationPlatforms) = preSolution
		Debug|Any CPU = Debug|Any CPU
		Release|Any CPU = Release|Any CPU
	EndGlobalSection
	GlobalSection(ProjectConfigurationPlatforms) = postSolution
		{042187EC-415A-40EA-ABCB-175EBF64DAEB}.Debug|Any CPU.ActiveCfg = Debug|Any CPU
		{042187EC-415A-40EA-ABCB-175EBF64DAEB}.Debug|Any CPU.Build.0 = Debug|Any CPU
		{042187EC-415A-40EA-ABCB-175EBF64DAEB}.Release|Any CPU.ActiveCfg = Release|Any CPU
		{042187EC-415A-40EA-ABCB-175EBF64DAEB}.Release|Any CPU.Build.0 = Release|Any CPU
		{3C48F50D-CEF6-46C6-839A-F62FEA2B3EA1}.Debug|Any CPU.ActiveCfg = Debug|Any CPU
		{3C48F50D-CEF6-46C6-839A-F62FEA2B3EA1}.Debug|Any CPU.Build.0 = Debug|Any CPU
		{3C48F50D-CEF6-46C6-839A-F62FEA2B3EA1}.Release|Any CPU.ActiveCfg = Release|Any CPU
		{3C48F50D-CEF6-46C6-839A-F62FEA2B3EA1}.Release|Any CPU.Build.0 = Release|Any CPU
	EndGlobalSection
	GlobalSection(SolutionProperties) = preSolution
		HideSolutionNode = FALSE
	EndGlobalSection
EndGlobal
