
Microsoft Visual Studio Solution File, Format Version 12.00
# Visual Studio 14
VisualStudioVersion = 14.0.25420.1
MinimumVisualStudioVersion = 10.0.40219.1
Project("{FAE04EC0-301F-11D3-BF4B-00C04F79EFBC}") = "SQL1", "SQL1\SQL1.csproj", "{8460F40D-334E-4E53-A466-0729163D2FDF}"
EndProject
Project("{FAE04EC0-301F-11D3-BF4B-00C04F79EFBC}") = "SQLServer", "SQLServer\SQLServer.csproj", "{8D0A7493-FB74-478F-9D63-2FCC0E2EED68}"
EndProject
Global
	GlobalSection(SolutionConfigurationPlatforms) = preSolution
		Debug|Any CPU = Debug|Any CPU
		Release|Any CPU = Release|Any CPU
	EndGlobalSection
	GlobalSection(ProjectConfigurationPlatforms) = postSolution
		{8460F40D-334E-4E53-A466-0729163D2FDF}.Debug|Any CPU.ActiveCfg = Debug|Any CPU
		{8460F40D-334E-4E53-A466-0729163D2FDF}.Debug|Any CPU.Build.0 = Debug|Any CPU
		{8460F40D-334E-4E53-A466-0729163D2FDF}.Release|Any CPU.ActiveCfg = Release|Any CPU
		{8460F40D-334E-4E53-A466-0729163D2FDF}.Release|Any CPU.Build.0 = Release|Any CPU
		{8D0A7493-FB74-478F-9D63-2FCC0E2EED68}.Debug|Any CPU.ActiveCfg = Debug|Any CPU
		{8D0A7493-FB74-478F-9D63-2FCC0E2EED68}.Debug|Any CPU.Build.0 = Debug|Any CPU
		{8D0A7493-FB74-478F-9D63-2FCC0E2EED68}.Release|Any CPU.ActiveCfg = Release|Any CPU
		{8D0A7493-FB74-478F-9D63-2FCC0E2EED68}.Release|Any CPU.Build.0 = Release|Any CPU
	EndGlobalSection
	GlobalSection(SolutionProperties) = preSolution
		HideSolutionNode = FALSE
	EndGlobalSection
EndGlobal
