
Microsoft Visual Studio Solution File, Format Version 12.00
# Visual Studio 14
VisualStudioVersion = 14.0.25420.1
MinimumVisualStudioVersion = 10.0.40219.1
Project("{FAE04EC0-301F-11D3-BF4B-00C04F79EFBC}") = "Project3", "Project3\Project3.csproj", "{37A3FB54-F50C-4B08-A802-D4D22BFA247B}"
EndProject
Project("{FAE04EC0-301F-11D3-BF4B-00C04F79EFBC}") = "Utility", "Utility\Utility.csproj", "{CE7A27C9-3C20-4B2A-B973-383D231E3781}"
EndProject
Project("{FAE04EC0-301F-11D3-BF4B-00C04F79EFBC}") = "Proj3", "Proj3\Proj3.csproj", "{4B3C0D03-E49B-4477-93B1-8500518B6CCE}"
EndProject
Global
	GlobalSection(SolutionConfigurationPlatforms) = preSolution
		Debug|Any CPU = Debug|Any CPU
		Release|Any CPU = Release|Any CPU
	EndGlobalSection
	GlobalSection(ProjectConfigurationPlatforms) = postSolution
		{37A3FB54-F50C-4B08-A802-D4D22BFA247B}.Debug|Any CPU.ActiveCfg = Debug|Any CPU
		{37A3FB54-F50C-4B08-A802-D4D22BFA247B}.Debug|Any CPU.Build.0 = Debug|Any CPU
		{37A3FB54-F50C-4B08-A802-D4D22BFA247B}.Release|Any CPU.ActiveCfg = Release|Any CPU
		{37A3FB54-F50C-4B08-A802-D4D22BFA247B}.Release|Any CPU.Build.0 = Release|Any CPU
		{CE7A27C9-3C20-4B2A-B973-383D231E3781}.Debug|Any CPU.ActiveCfg = Debug|Any CPU
		{CE7A27C9-3C20-4B2A-B973-383D231E3781}.Debug|Any CPU.Build.0 = Debug|Any CPU
		{CE7A27C9-3C20-4B2A-B973-383D231E3781}.Release|Any CPU.ActiveCfg = Release|Any CPU
		{CE7A27C9-3C20-4B2A-B973-383D231E3781}.Release|Any CPU.Build.0 = Release|Any CPU
		{4B3C0D03-E49B-4477-93B1-8500518B6CCE}.Debug|Any CPU.ActiveCfg = Debug|Any CPU
		{4B3C0D03-E49B-4477-93B1-8500518B6CCE}.Debug|Any CPU.Build.0 = Debug|Any CPU
		{4B3C0D03-E49B-4477-93B1-8500518B6CCE}.Release|Any CPU.ActiveCfg = Release|Any CPU
		{4B3C0D03-E49B-4477-93B1-8500518B6CCE}.Release|Any CPU.Build.0 = Release|Any CPU
	EndGlobalSection
	GlobalSection(SolutionProperties) = preSolution
		HideSolutionNode = FALSE
	EndGlobalSection
EndGlobal
